{
  "version": "5",
  "specifiers": {
    "jsr:@std/path@*": "1.1.0",
    "jsr:@std/path@^1.1.0": "1.1.0",
    "npm:chalk@*": "5.4.1",
    "npm:chalk@^5.4.1": "5.4.1"
  },
  "jsr": {
    "@std/path@1.1.0": {
      "integrity": "ddc94f8e3c275627281cbc23341df6b8bcc874d70374f75fec2533521e3d6886"
    }
  },
  "npm": {
    "chalk@5.4.1": {
      "integrity": "sha512-zgVZuo2WcZgfUEmsn6eO3kINexW8RAE4maiQ8QNs8CtpPCSyMiYsULR3HQYkm3w8FIA3SberyMJMSldGsW+U3w=="
    }
  },
  "workspace": {
    "dependencies": [
      "jsr:@std/path@^1.1.0",
      "npm:chalk@^5.4.1"
    ]
  }
}
